
Microsoft Visual Studio Solution File, Format Version 12.00
# Visual Studio Version 17
VisualStudioVersion = 17.6.33829.357
MinimumVisualStudioVersion = 10.0.40219.1
Project("{FAE04EC0-301F-11D3-BF4B-00C04F79EFBC}") = "AutoMobileLibrary", "AutoMobileLibrary\AutoMobileLibrary.csproj", "{1EC1CC02-BAAE-4D40-96B8-994FBBF1603A}"
EndProject
Project("{FAE04EC0-301F-11D3-BF4B-00C04F79EFBC}") = "AutomobileWinApp", "AutomobileWinApp\AutomobileWinApp.csproj", "{547BE7DE-5B3A-4067-89F3-07EDDF7C4D52}"
EndProject
Global
	GlobalSection(SolutionConfigurationPlatforms) = preSolution
		Debug|Any CPU = Debug|Any CPU
		Release|Any CPU = Release|Any CPU
	EndGlobalSection
	GlobalSection(ProjectConfigurationPlatforms) = postSolution
		{1EC1CC02-BAAE-4D40-96B8-994FBBF1603A}.Debug|Any CPU.ActiveCfg = Debug|Any CPU
		{1EC1CC02-BAAE-4D40-96B8-994FBBF1603A}.Debug|Any CPU.Build.0 = Debug|Any CPU
		{1EC1CC02-BAAE-4D40-96B8-994FBBF1603A}.Release|Any CPU.ActiveCfg = Release|Any CPU
		{1EC1CC02-BAAE-4D40-96B8-994FBBF1603A}.Release|Any CPU.Build.0 = Release|Any CPU
		{547BE7DE-5B3A-4067-89F3-07EDDF7C4D52}.Debug|Any CPU.ActiveCfg = Debug|Any CPU
		{547BE7DE-5B3A-4067-89F3-07EDDF7C4D52}.Debug|Any CPU.Build.0 = Debug|Any CPU
		{547BE7DE-5B3A-4067-89F3-07EDDF7C4D52}.Release|Any CPU.ActiveCfg = Release|Any CPU
		{547BE7DE-5B3A-4067-89F3-07EDDF7C4D52}.Release|Any CPU.Build.0 = Release|Any CPU
	EndGlobalSection
	GlobalSection(SolutionProperties) = preSolution
		HideSolutionNode = FALSE
	EndGlobalSection
	GlobalSection(ExtensibilityGlobals) = postSolution
		SolutionGuid = {3BBD1ABF-E425-4533-B9EC-3433D7684066}
	EndGlobalSection
EndGlobal
